
Microsoft Visual Studio Solution File, Format Version 12.00
# Visual Studio Version 17
VisualStudioVersion = 17.1.31903.286
MinimumVisualStudioVersion = 10.0.40219.1
Project("{8BC9CEB8-8B4A-11D0-8D11-00A0C91BC942}") = "动态链接库", "动态链接库\动态链接库.vcxproj", "{50C4F14C-8E03-42DD-A25A-847BE4574463}"
EndProject
Project("{8BC9CEB8-8B4A-11D0-8D11-00A0C91BC942}") = "单元测试", "单元测试\单元测试.vcxproj", "{4B126955-2531-461C-907E-87BA272ACFC4}"
EndProject
Project("{8BC9CEB8-8B4A-11D0-8D11-00A0C91BC942}") = "MexInterface", "MexInterface\MexInterface.vcxproj", "{0C9AE562-6E91-4E16-8661-9772476D91FB}"
EndProject
Global
	GlobalSection(SolutionConfigurationPlatforms) = preSolution
		MATLAB Debug|x64 = MATLAB Debug|x64
		MATLAB Debug|x86 = MATLAB Debug|x86
		MATLAB Release|x64 = MATLAB Release|x64
		MATLAB Release|x86 = MATLAB Release|x86
		单元测试 Debug|x64 = 单元测试 Debug|x64
		单元测试 Debug|x86 = 单元测试 Debug|x86
		单元测试 Release|x64 = 单元测试 Release|x64
		单元测试 Release|x86 = 单元测试 Release|x86
	EndGlobalSection
	GlobalSection(ProjectConfigurationPlatforms) = postSolution
		{50C4F14C-8E03-42DD-A25A-847BE4574463}.MATLAB Debug|x64.ActiveCfg = MATLAB Debug|x64
		{50C4F14C-8E03-42DD-A25A-847BE4574463}.MATLAB Debug|x64.Build.0 = MATLAB Debug|x64
		{50C4F14C-8E03-42DD-A25A-847BE4574463}.MATLAB Debug|x86.ActiveCfg = MATLAB Debug|Win32
		{50C4F14C-8E03-42DD-A25A-847BE4574463}.MATLAB Debug|x86.Build.0 = MATLAB Debug|Win32
		{50C4F14C-8E03-42DD-A25A-847BE4574463}.MATLAB Release|x64.ActiveCfg = MATLAB Release|x64
		{50C4F14C-8E03-42DD-A25A-847BE4574463}.MATLAB Release|x64.Build.0 = MATLAB Release|x64
		{50C4F14C-8E03-42DD-A25A-847BE4574463}.MATLAB Release|x86.ActiveCfg = MATLAB Release|Win32
		{50C4F14C-8E03-42DD-A25A-847BE4574463}.MATLAB Release|x86.Build.0 = MATLAB Release|Win32
		{50C4F14C-8E03-42DD-A25A-847BE4574463}.单元测试 Debug|x64.ActiveCfg = 单元测试 Debug|x64
		{50C4F14C-8E03-42DD-A25A-847BE4574463}.单元测试 Debug|x64.Build.0 = 单元测试 Debug|x64
		{50C4F14C-8E03-42DD-A25A-847BE4574463}.单元测试 Debug|x86.ActiveCfg = 单元测试 Debug|Win32
		{50C4F14C-8E03-42DD-A25A-847BE4574463}.单元测试 Debug|x86.Build.0 = 单元测试 Debug|Win32
		{50C4F14C-8E03-42DD-A25A-847BE4574463}.单元测试 Release|x64.ActiveCfg = 单元测试 Release|x64
		{50C4F14C-8E03-42DD-A25A-847BE4574463}.单元测试 Release|x64.Build.0 = 单元测试 Release|x64
		{50C4F14C-8E03-42DD-A25A-847BE4574463}.单元测试 Release|x86.ActiveCfg = 单元测试 Release|Win32
		{50C4F14C-8E03-42DD-A25A-847BE4574463}.单元测试 Release|x86.Build.0 = 单元测试 Release|Win32
		{4B126955-2531-461C-907E-87BA272ACFC4}.MATLAB Debug|x64.ActiveCfg = 单元测试 Debug|x64
		{4B126955-2531-461C-907E-87BA272ACFC4}.MATLAB Debug|x86.ActiveCfg = 单元测试 Debug|Win32
		{4B126955-2531-461C-907E-87BA272ACFC4}.MATLAB Release|x64.ActiveCfg = 单元测试 Release|x64
		{4B126955-2531-461C-907E-87BA272ACFC4}.MATLAB Release|x86.ActiveCfg = 单元测试 Debug|Win32
		{4B126955-2531-461C-907E-87BA272ACFC4}.单元测试 Debug|x64.ActiveCfg = 单元测试 Debug|x64
		{4B126955-2531-461C-907E-87BA272ACFC4}.单元测试 Debug|x64.Build.0 = 单元测试 Debug|x64
		{4B126955-2531-461C-907E-87BA272ACFC4}.单元测试 Debug|x86.ActiveCfg = 单元测试 Debug|Win32
		{4B126955-2531-461C-907E-87BA272ACFC4}.单元测试 Debug|x86.Build.0 = 单元测试 Debug|Win32
		{4B126955-2531-461C-907E-87BA272ACFC4}.单元测试 Release|x64.ActiveCfg = 单元测试 Release|x64
		{4B126955-2531-461C-907E-87BA272ACFC4}.单元测试 Release|x64.Build.0 = 单元测试 Release|x64
		{4B126955-2531-461C-907E-87BA272ACFC4}.单元测试 Release|x86.ActiveCfg = 单元测试 Release|Win32
		{4B126955-2531-461C-907E-87BA272ACFC4}.单元测试 Release|x86.Build.0 = 单元测试 Release|Win32
		{0C9AE562-6E91-4E16-8661-9772476D91FB}.MATLAB Debug|x64.ActiveCfg = MATLAB Debug|x64
		{0C9AE562-6E91-4E16-8661-9772476D91FB}.MATLAB Debug|x64.Build.0 = MATLAB Debug|x64
		{0C9AE562-6E91-4E16-8661-9772476D91FB}.MATLAB Debug|x86.ActiveCfg = MATLAB Debug|x64
		{0C9AE562-6E91-4E16-8661-9772476D91FB}.MATLAB Debug|x86.Build.0 = MATLAB Debug|x64
		{0C9AE562-6E91-4E16-8661-9772476D91FB}.MATLAB Release|x64.ActiveCfg = MATLAB Release|x64
		{0C9AE562-6E91-4E16-8661-9772476D91FB}.MATLAB Release|x64.Build.0 = MATLAB Release|x64
		{0C9AE562-6E91-4E16-8661-9772476D91FB}.MATLAB Release|x86.ActiveCfg = MATLAB Release|x64
		{0C9AE562-6E91-4E16-8661-9772476D91FB}.MATLAB Release|x86.Build.0 = MATLAB Release|x64
		{0C9AE562-6E91-4E16-8661-9772476D91FB}.单元测试 Debug|x64.ActiveCfg = MATLAB Debug|x64
		{0C9AE562-6E91-4E16-8661-9772476D91FB}.单元测试 Debug|x64.Build.0 = MATLAB Debug|x64
		{0C9AE562-6E91-4E16-8661-9772476D91FB}.单元测试 Debug|x86.ActiveCfg = 单元测试|x64
		{0C9AE562-6E91-4E16-8661-9772476D91FB}.单元测试 Debug|x86.Build.0 = 单元测试|x64
		{0C9AE562-6E91-4E16-8661-9772476D91FB}.单元测试 Release|x64.ActiveCfg = MATLAB Release|x64
		{0C9AE562-6E91-4E16-8661-9772476D91FB}.单元测试 Release|x64.Build.0 = MATLAB Release|x64
		{0C9AE562-6E91-4E16-8661-9772476D91FB}.单元测试 Release|x86.ActiveCfg = 单元测试 Release|x64
		{0C9AE562-6E91-4E16-8661-9772476D91FB}.单元测试 Release|x86.Build.0 = 单元测试 Release|x64
	EndGlobalSection
	GlobalSection(SolutionProperties) = preSolution
		HideSolutionNode = FALSE
	EndGlobalSection
	GlobalSection(ExtensibilityGlobals) = postSolution
		SolutionGuid = {38FE92C6-2CC0-4516-ACC3-8479C6E91DDD}
	EndGlobalSection
EndGlobal
